
Microsoft Visual Studio Solution File, Format Version 12.00
Project("{F2A71F9B-5D33-465A-A702-920D77279786}") = "leapyear2", "leapyear2\leapyear2.fsproj", "{307DF6AC-D5E6-4A8B-89D5-B5111225D6E8}"
EndProject
Global
	GlobalSection(SolutionConfigurationPlatforms) = preSolution
		Debug|Any CPU = Debug|Any CPU
		Release|Any CPU = Release|Any CPU
	EndGlobalSection
	GlobalSection(ProjectConfigurationPlatforms) = postSolution
		{307DF6AC-D5E6-4A8B-89D5-B5111225D6E8}.Debug|Any CPU.ActiveCfg = Debug|Any CPU
		{307DF6AC-D5E6-4A8B-89D5-B5111225D6E8}.Debug|Any CPU.Build.0 = Debug|Any CPU
		{307DF6AC-D5E6-4A8B-89D5-B5111225D6E8}.Release|Any CPU.ActiveCfg = Release|Any CPU
		{307DF6AC-D5E6-4A8B-89D5-B5111225D6E8}.Release|Any CPU.Build.0 = Release|Any CPU
	EndGlobalSection
EndGlobal
